
Microsoft Visual Studio Solution File, Format Version 12.00
# Visual Studio 15
Project("{FAE04EC0-301F-11D3-BF4B-00C04F79EFBC}") = "Client", "Client\Client.csproj", "{D8B3A3F4-52F9-4FA6-8C77-B90BCF650E18}"
EndProject
Global
	GlobalSection(SolutionConfigurationPlatforms) = preSolution
		Debug|anycpu = Debug|anycpu
		Release|anycpu = Release|anycpu
	EndGlobalSection
	GlobalSection(ProjectConfigurationPlatforms) = postSolution
		{D8B3A3F4-52F9-4FA6-8C77-B90BCF650E18}.Debug|anycpu.ActiveCfg = Debug|anycpu
		{D8B3A3F4-52F9-4FA6-8C77-B90BCF650E18}.Debug|anycpu.Build.0 = Debug|anycpu
		{D8B3A3F4-52F9-4FA6-8C77-B90BCF650E18}.Release|anycpu.ActiveCfg = Release|anycpu
		{D8B3A3F4-52F9-4FA6-8C77-B90BCF650E18}.Release|anycpu.Build.0 = Release|anycpu
	EndGlobalSection
EndGlobal
