
Microsoft Visual Studio Solution File, Format Version 12.00
# Visual Studio 15
Project("{FAE04EC0-301F-11D3-BF4B-00C04F79EFBC}") = "Server", "Server\Server.csproj", "{B76F4629-EF01-4D82-ACF3-E5840C5A3311}"
EndProject
Global
	GlobalSection(SolutionConfigurationPlatforms) = preSolution
		Debug|anycpu = Debug|anycpu
		Release|anycpu = Release|anycpu
	EndGlobalSection
	GlobalSection(ProjectConfigurationPlatforms) = postSolution
		{B76F4629-EF01-4D82-ACF3-E5840C5A3311}.Debug|anycpu.ActiveCfg = Debug|anycpu
		{B76F4629-EF01-4D82-ACF3-E5840C5A3311}.Debug|anycpu.Build.0 = Debug|anycpu
		{B76F4629-EF01-4D82-ACF3-E5840C5A3311}.Release|anycpu.ActiveCfg = Release|anycpu
		{B76F4629-EF01-4D82-ACF3-E5840C5A3311}.Release|anycpu.Build.0 = Release|anycpu
	EndGlobalSection
EndGlobal
